// !$*UTF8*$!
{
	archiveVersion = 1;
	classes = {
	};
	objectVersion = 46;
	objects = {

/* Begin PBXBuildFile section */
		160CF723185B485000CDEFCE /* CExperienceItem.m in Sources */ = {isa = PBXBuildFile; fileRef = 160CF722185B485000CDEFCE /* CExperienceItem.m */; };
		160CF726185B4B9700CDEFCE /* CExperience.m in Sources */ = {isa = PBXBuildFile; fileRef = 160CF725185B4B9700CDEFCE /* CExperience.m */; };
		160CF729185B4EC800CDEFCE /* CHomeStructure.m in Sources */ = {isa = PBXBuildFile; fileRef = 160CF728185B4EC800CDEFCE /* CHomeStructure.m */; };
		160CF72C185B4F0700CDEFCE /* CHomeMember.m in Sources */ = {isa = PBXBuildFile; fileRef = 160CF72B185B4F0700CDEFCE /* CHomeMember.m */; };
		160CF72F185B532F00CDEFCE /* CSkillSet.m in Sources */ = {isa = PBXBuildFile; fileRef = 160CF72E185B532F00CDEFCE /* CSkillSet.m */; };
		160CF732185B533A00CDEFCE /* CSkill.m in Sources */ = {isa = PBXBuildFile; fileRef = 160CF731185B533A00CDEFCE /* CSkill.m */; };
		160CF735185B55DF00CDEFCE /* CCareer.m in Sources */ = {isa = PBXBuildFile; fileRef = 160CF734185B55DF00CDEFCE /* CCareer.m */; };
		160CF738185B55ED00CDEFCE /* CCareerField.m in Sources */ = {isa = PBXBuildFile; fileRef = 160CF737185B55ED00CDEFCE /* CCareerField.m */; };
		160CF73F185BF20B00CDEFCE /* JsonHelper.m in Sources */ = {isa = PBXBuildFile; fileRef = 160CF73E185BF20B00CDEFCE /* JsonHelper.m */; };
		160CF742185BFF0300CDEFCE /* Constant.m in Sources */ = {isa = PBXBuildFile; fileRef = 160CF741185BFF0300CDEFCE /* Constant.m */; };
		160CF746185C227A00CDEFCE /* DBHelper.m in Sources */ = {isa = PBXBuildFile; fileRef = 160CF745185C227A00CDEFCE /* DBHelper.m */; };
		160CF749185C2F5900CDEFCE /* PeopleInfoBarController.m in Sources */ = {isa = PBXBuildFile; fileRef = 160CF748185C2F5900CDEFCE /* PeopleInfoBarController.m */; };
		160CF75A185C3C7500CDEFCE /* Utils.m in Sources */ = {isa = PBXBuildFile; fileRef = 160CF759185C3C7500CDEFCE /* Utils.m */; };
		16166D5717F4678300AEEC4C /* Foundation.framework in Frameworks */ = {isa = PBXBuildFile; fileRef = 16166D5617F4678300AEEC4C /* Foundation.framework */; };
		16166D5917F4678300AEEC4C /* CoreGraphics.framework in Frameworks */ = {isa = PBXBuildFile; fileRef = 16166D5817F4678300AEEC4C /* CoreGraphics.framework */; };
		16166D5B17F4678300AEEC4C /* UIKit.framework in Frameworks */ = {isa = PBXBuildFile; fileRef = 16166D5A17F4678300AEEC4C /* UIKit.framework */; };
		16166D6117F4678300AEEC4C /* InfoPlist.strings in Resources */ = {isa = PBXBuildFile; fileRef = 16166D5F17F4678300AEEC4C /* InfoPlist.strings */; };
		16166D6317F4678300AEEC4C /* main.m in Sources */ = {isa = PBXBuildFile; fileRef = 16166D6217F4678300AEEC4C /* main.m */; };
		16166D6717F4678300AEEC4C /* AppDelegate.m in Sources */ = {isa = PBXBuildFile; fileRef = 16166D6617F4678300AEEC4C /* AppDelegate.m */; };
		16166D6A17F4678300AEEC4C /* Main.storyboard in Resources */ = {isa = PBXBuildFile; fileRef = 16166D6817F4678300AEEC4C /* Main.storyboard */; };
		16166D7217F4678300AEEC4C /* Images.xcassets in Resources */ = {isa = PBXBuildFile; fileRef = 16166D7117F4678300AEEC4C /* Images.xcassets */; };
		16166D7917F4678300AEEC4C /* XCTest.framework in Frameworks */ = {isa = PBXBuildFile; fileRef = 16166D7817F4678300AEEC4C /* XCTest.framework */; };
		16166D7A17F4678300AEEC4C /* Foundation.framework in Frameworks */ = {isa = PBXBuildFile; fileRef = 16166D5617F4678300AEEC4C /* Foundation.framework */; };
		16166D7B17F4678300AEEC4C /* UIKit.framework in Frameworks */ = {isa = PBXBuildFile; fileRef = 16166D5A17F4678300AEEC4C /* UIKit.framework */; };
		16166D8317F4678300AEEC4C /* InfoPlist.strings in Resources */ = {isa = PBXBuildFile; fileRef = 16166D8117F4678300AEEC4C /* InfoPlist.strings */; };
		163D7587186712B6007DEC13 /* DateInterval.m in Sources */ = {isa = PBXBuildFile; fileRef = 163D7586186712B6007DEC13 /* DateInterval.m */; };
		163D75A218672C10007DEC13 /* PersonalCareerView.m in Sources */ = {isa = PBXBuildFile; fileRef = 163D75A118672C10007DEC13 /* PersonalCareerView.m */; };
		163D75A518672CB1007DEC13 /* DatingRecord.m in Sources */ = {isa = PBXBuildFile; fileRef = 163D75A418672CB1007DEC13 /* DatingRecord.m */; };
		163D75AB18672CB2007DEC13 /* PersonalCareer.m in Sources */ = {isa = PBXBuildFile; fileRef = 163D75AA18672CB2007DEC13 /* PersonalCareer.m */; };
		163D75AE18672CB2007DEC13 /* PersonalFirstTimeRecord.m in Sources */ = {isa = PBXBuildFile; fileRef = 163D75AD18672CB2007DEC13 /* PersonalFirstTimeRecord.m */; };
		163D75B61875A289007DEC13 /* icon.png in Resources */ = {isa = PBXBuildFile; fileRef = 163D75B51875A289007DEC13 /* icon.png */; };
		163D75B91877BEBC007DEC13 /* PersonalBasicInfo.m in Sources */ = {isa = PBXBuildFile; fileRef = 163D75B81877BEBC007DEC13 /* PersonalBasicInfo.m */; };
		163F0982181DDED300A28D63 /* PeopleListView.m in Sources */ = {isa = PBXBuildFile; fileRef = 163F0981181DDED300A28D63 /* PeopleListView.m */; };
		16876BD218A2465800DDD221 /* DatePickerHelper.m in Sources */ = {isa = PBXBuildFile; fileRef = 16876BD118A2465800DDD221 /* DatePickerHelper.m */; };
		16876BD518A3C11100DDD221 /* UIHelperBase.m in Sources */ = {isa = PBXBuildFile; fileRef = 16876BD418A3C11100DDD221 /* UIHelperBase.m */; };
		16876BD818A3C1FB00DDD221 /* StrPickerHelper.m in Sources */ = {isa = PBXBuildFile; fileRef = 16876BD718A3C1FB00DDD221 /* StrPickerHelper.m */; };
		16876BDB18A3C3E900DDD221 /* StrPickerWithSearchHelper.m in Sources */ = {isa = PBXBuildFile; fileRef = 16876BDA18A3C3E900DDD221 /* StrPickerWithSearchHelper.m */; };
		16876BDE18A476E400DDD221 /* MultiSelectStrPickerWithSearchHelper.m in Sources */ = {isa = PBXBuildFile; fileRef = 16876BDD18A476E400DDD221 /* MultiSelectStrPickerWithSearchHelper.m */; };
		16876BE118A4A4F300DDD221 /* MultiSelectStrPickerWithSearch_InputHelper.m in Sources */ = {isa = PBXBuildFile; fileRef = 16876BE018A4A4F300DDD221 /* MultiSelectStrPickerWithSearch_InputHelper.m */; };
		1691F0251850B7A9000C45A8 /* CEducation.m in Sources */ = {isa = PBXBuildFile; fileRef = 1691F0241850B7A9000C45A8 /* CEducation.m */; };
		16D872C017FE954700561887 /* PersonalBasicInfoView.m in Sources */ = {isa = PBXBuildFile; fileRef = 16D872BF17FE954700561887 /* PersonalBasicInfoView.m */; };
		16D872C617FE991400561887 /* PersonalActivityView.m in Sources */ = {isa = PBXBuildFile; fileRef = 16D872C517FE991400561887 /* PersonalActivityView.m */; };
		16D872C917FE9A0A00561887 /* WaitingListView.m in Sources */ = {isa = PBXBuildFile; fileRef = 16D872C817FE9A0A00561887 /* WaitingListView.m */; };
		16D872CD17FFA28B00561887 /* MakingChoiceView.m in Sources */ = {isa = PBXBuildFile; fileRef = 16D872CC17FFA28B00561887 /* MakingChoiceView.m */; };
		16E38447180A8C18007CC843 /* CoreData.framework in Frameworks */ = {isa = PBXBuildFile; fileRef = 16E38446180A8C18007CC843 /* CoreData.framework */; };
		16E3844F180A97EB007CC843 /* Connection.xcdatamodeld in Sources */ = {isa = PBXBuildFile; fileRef = 16E3844D180A97EB007CC843 /* Connection.xcdatamodeld */; };
		16F455DB185DE93D0014167E /* PersonalBasicInfoView2.m in Sources */ = {isa = PBXBuildFile; fileRef = 16F455DA185DE93D0014167E /* PersonalBasicInfoView2.m */; };
		16F455ED185F236C0014167E /* CGenericItemSetView.m in Sources */ = {isa = PBXBuildFile; fileRef = 16F455EC185F236C0014167E /* CGenericItemSetView.m */; };
		16F455F0185F23940014167E /* CEditGenericItemView.m in Sources */ = {isa = PBXBuildFile; fileRef = 16F455EF185F23940014167E /* CEditGenericItemView.m */; };
		16F455F3185F527E0014167E /* UIHelper.m in Sources */ = {isa = PBXBuildFile; fileRef = 16F455F2185F527E0014167E /* UIHelper.m */; };
		16F810AB1864956400A7EA94 /* DatingRecord+UIGenericAdopter.m in Sources */ = {isa = PBXBuildFile; fileRef = 16F810AA1864956400A7EA94 /* DatingRecord+UIGenericAdopter.m */; };
		16F810AE186495E000A7EA94 /* DatingRecordSet.m in Sources */ = {isa = PBXBuildFile; fileRef = 16F810AD186495E000A7EA94 /* DatingRecordSet.m */; };
		16F9479818939C8900751A90 /* CInterest.m in Sources */ = {isa = PBXBuildFile; fileRef = 16F9479718939C8900751A90 /* CInterest.m */; };
		16F9479B18939C9900751A90 /* CInterestSet.m in Sources */ = {isa = PBXBuildFile; fileRef = 16F9479A18939C9900751A90 /* CInterestSet.m */; };
		16FBC8831859EBF100721A59 /* CEducationItem.m in Sources */ = {isa = PBXBuildFile; fileRef = 16FBC8821859EBF100721A59 /* CEducationItem.m */; };
		16FBC88E185A01B700721A59 /* CJSONDeserializer.m in Sources */ = {isa = PBXBuildFile; fileRef = 16FBC888185A01B600721A59 /* CJSONDeserializer.m */; };
		16FBC88F185A01B700721A59 /* CJSONSerializer.m in Sources */ = {isa = PBXBuildFile; fileRef = 16FBC88A185A01B600721A59 /* CJSONSerializer.m */; };
		16FBC890185A01B700721A59 /* NSDictionary_JSONExtensions.m in Sources */ = {isa = PBXBuildFile; fileRef = 16FBC88D185A01B700721A59 /* NSDictionary_JSONExtensions.m */; };
/* End PBXBuildFile section */

/* Begin PBXContainerItemProxy section */
		16166D7C17F4678300AEEC4C /* PBXContainerItemProxy */ = {
			isa = PBXContainerItemProxy;
			containerPortal = 16166D4B17F4678300AEEC4C /* Project object */;
			proxyType = 1;
			remoteGlobalIDString = 16166D5217F4678300AEEC4C;
			remoteInfo = Connection;
		};
/* End PBXContainerItemProxy section */

/* Begin PBXFileReference section */
		160CF721185B485000CDEFCE /* CExperienceItem.h */ = {isa = PBXFileReference; fileEncoding = 4; lastKnownFileType = sourcecode.c.h; path = CExperienceItem.h; sourceTree = "<group>"; };
		160CF722185B485000CDEFCE /* CExperienceItem.m */ = {isa = PBXFileReference; fileEncoding = 4; lastKnownFileType = sourcecode.c.objc; path = CExperienceItem.m; sourceTree = "<group>"; };
		160CF724185B4B9700CDEFCE /* CExperience.h */ = {isa = PBXFileReference; fileEncoding = 4; lastKnownFileType = sourcecode.c.h; path = CExperience.h; sourceTree = "<group>"; };
		160CF725185B4B9700CDEFCE /* CExperience.m */ = {isa = PBXFileReference; fileEncoding = 4; lastKnownFileType = sourcecode.c.objc; path = CExperience.m; sourceTree = "<group>"; };
		160CF727185B4EC800CDEFCE /* CHomeStructure.h */ = {isa = PBXFileReference; fileEncoding = 4; lastKnownFileType = sourcecode.c.h; path = CHomeStructure.h; sourceTree = "<group>"; };
		160CF728185B4EC800CDEFCE /* CHomeStructure.m */ = {isa = PBXFileReference; fileEncoding = 4; lastKnownFileType = sourcecode.c.objc; path = CHomeStructure.m; sourceTree = "<group>"; };
		160CF72A185B4F0700CDEFCE /* CHomeMember.h */ = {isa = PBXFileReference; fileEncoding = 4; lastKnownFileType = sourcecode.c.h; path = CHomeMember.h; sourceTree = "<group>"; };
		160CF72B185B4F0700CDEFCE /* CHomeMember.m */ = {isa = PBXFileReference; fileEncoding = 4; lastKnownFileType = sourcecode.c.objc; path = CHomeMember.m; sourceTree = "<group>"; };
		160CF72D185B532F00CDEFCE /* CSkillSet.h */ = {isa = PBXFileReference; fileEncoding = 4; lastKnownFileType = sourcecode.c.h; path = CSkillSet.h; sourceTree = "<group>"; };
		160CF72E185B532F00CDEFCE /* CSkillSet.m */ = {isa = PBXFileReference; fileEncoding = 4; lastKnownFileType = sourcecode.c.objc; path = CSkillSet.m; sourceTree = "<group>"; };
		160CF730185B533A00CDEFCE /* CSkill.h */ = {isa = PBXFileReference; fileEncoding = 4; lastKnownFileType = sourcecode.c.h; path = CSkill.h; sourceTree = "<group>"; };
		160CF731185B533A00CDEFCE /* CSkill.m */ = {isa = PBXFileReference; fileEncoding = 4; lastKnownFileType = sourcecode.c.objc; path = CSkill.m; sourceTree = "<group>"; };
		160CF733185B55DF00CDEFCE /* CCareer.h */ = {isa = PBXFileReference; fileEncoding = 4; lastKnownFileType = sourcecode.c.h; path = CCareer.h; sourceTree = "<group>"; };
		160CF734185B55DF00CDEFCE /* CCareer.m */ = {isa = PBXFileReference; fileEncoding = 4; lastKnownFileType = sourcecode.c.objc; path = CCareer.m; sourceTree = "<group>"; };
		160CF736185B55ED00CDEFCE /* CCareerField.h */ = {isa = PBXFileReference; fileEncoding = 4; lastKnownFileType = sourcecode.c.h; path = CCareerField.h; sourceTree = "<group>"; };
		160CF737185B55ED00CDEFCE /* CCareerField.m */ = {isa = PBXFileReference; fileEncoding = 4; lastKnownFileType = sourcecode.c.objc; path = CCareerField.m; sourceTree = "<group>"; };
		160CF73D185BF20B00CDEFCE /* JsonHelper.h */ = {isa = PBXFileReference; fileEncoding = 4; lastKnownFileType = sourcecode.c.h; path = JsonHelper.h; sourceTree = "<group>"; };
		160CF73E185BF20B00CDEFCE /* JsonHelper.m */ = {isa = PBXFileReference; fileEncoding = 4; lastKnownFileType = sourcecode.c.objc; path = JsonHelper.m; sourceTree = "<group>"; };
		160CF740185BFF0300CDEFCE /* Constant.h */ = {isa = PBXFileReference; fileEncoding = 4; lastKnownFileType = sourcecode.c.h; path = Constant.h; sourceTree = "<group>"; };
		160CF741185BFF0300CDEFCE /* Constant.m */ = {isa = PBXFileReference; fileEncoding = 4; lastKnownFileType = sourcecode.c.objc; path = Constant.m; sourceTree = "<group>"; };
		160CF743185C1D7A00CDEFCE /* Connection.h */ = {isa = PBXFileReference; lastKnownFileType = sourcecode.c.h; path = Connection.h; sourceTree = "<group>"; };
		160CF744185C227A00CDEFCE /* DBHelper.h */ = {isa = PBXFileReference; fileEncoding = 4; lastKnownFileType = sourcecode.c.h; path = DBHelper.h; sourceTree = "<group>"; };
		160CF745185C227A00CDEFCE /* DBHelper.m */ = {isa = PBXFileReference; fileEncoding = 4; lastKnownFileType = sourcecode.c.objc; path = DBHelper.m; sourceTree = "<group>"; };
		160CF747185C2F5900CDEFCE /* PeopleInfoBarController.h */ = {isa = PBXFileReference; fileEncoding = 4; lastKnownFileType = sourcecode.c.h; path = PeopleInfoBarController.h; sourceTree = "<group>"; };
		160CF748185C2F5900CDEFCE /* PeopleInfoBarController.m */ = {isa = PBXFileReference; fileEncoding = 4; lastKnownFileType = sourcecode.c.objc; path = PeopleInfoBarController.m; sourceTree = "<group>"; };
		160CF759185C3C7500CDEFCE /* Utils.m */ = {isa = PBXFileReference; fileEncoding = 4; lastKnownFileType = sourcecode.c.objc; path = Utils.m; sourceTree = "<group>"; };
		16166D5317F4678300AEEC4C /* Connection.app */ = {isa = PBXFileReference; explicitFileType = wrapper.application; includeInIndex = 0; path = Connection.app; sourceTree = BUILT_PRODUCTS_DIR; };
		16166D5617F4678300AEEC4C /* Foundation.framework */ = {isa = PBXFileReference; lastKnownFileType = wrapper.framework; name = Foundation.framework; path = System/Library/Frameworks/Foundation.framework; sourceTree = SDKROOT; };
		16166D5817F4678300AEEC4C /* CoreGraphics.framework */ = {isa = PBXFileReference; lastKnownFileType = wrapper.framework; name = CoreGraphics.framework; path = System/Library/Frameworks/CoreGraphics.framework; sourceTree = SDKROOT; };
		16166D5A17F4678300AEEC4C /* UIKit.framework */ = {isa = PBXFileReference; lastKnownFileType = wrapper.framework; name = UIKit.framework; path = System/Library/Frameworks/UIKit.framework; sourceTree = SDKROOT; };
		16166D5E17F4678300AEEC4C /* Connection-Info.plist */ = {isa = PBXFileReference; lastKnownFileType = text.plist.xml; path = "Connection-Info.plist"; sourceTree = "<group>"; };
		16166D6017F4678300AEEC4C /* en */ = {isa = PBXFileReference; lastKnownFileType = text.plist.strings; name = en; path = en.lproj/InfoPlist.strings; sourceTree = "<group>"; };
		16166D6217F4678300AEEC4C /* main.m */ = {isa = PBXFileReference; lastKnownFileType = sourcecode.c.objc; path = main.m; sourceTree = "<group>"; };
		16166D6417F4678300AEEC4C /* Connection-Prefix.pch */ = {isa = PBXFileReference; lastKnownFileType = sourcecode.c.h; path = "Connection-Prefix.pch"; sourceTree = "<group>"; };
		16166D6517F4678300AEEC4C /* AppDelegate.h */ = {isa = PBXFileReference; lastKnownFileType = sourcecode.c.h; path = AppDelegate.h; sourceTree = "<group>"; };
		16166D6617F4678300AEEC4C /* AppDelegate.m */ = {isa = PBXFileReference; lastKnownFileType = sourcecode.c.objc; path = AppDelegate.m; sourceTree = "<group>"; };
		16166D6917F4678300AEEC4C /* Base */ = {isa = PBXFileReference; lastKnownFileType = file.storyboard; name = Base; path = Base.lproj/Main.storyboard; sourceTree = "<group>"; };
		16166D7117F4678300AEEC4C /* Images.xcassets */ = {isa = PBXFileReference; lastKnownFileType = folder.assetcatalog; path = Images.xcassets; sourceTree = "<group>"; };
		16166D7717F4678300AEEC4C /* ConnectionTests.xctest */ = {isa = PBXFileReference; explicitFileType = wrapper.cfbundle; includeInIndex = 0; path = ConnectionTests.xctest; sourceTree = BUILT_PRODUCTS_DIR; };
		16166D7817F4678300AEEC4C /* XCTest.framework */ = {isa = PBXFileReference; lastKnownFileType = wrapper.framework; name = XCTest.framework; path = Library/Frameworks/XCTest.framework; sourceTree = DEVELOPER_DIR; };
		16166D8017F4678300AEEC4C /* ConnectionTests-Info.plist */ = {isa = PBXFileReference; lastKnownFileType = text.plist.xml; path = "ConnectionTests-Info.plist"; sourceTree = "<group>"; };
		16166D8217F4678300AEEC4C /* en */ = {isa = PBXFileReference; lastKnownFileType = text.plist.strings; name = en; path = en.lproj/InfoPlist.strings; sourceTree = "<group>"; };
		163D7585186712B6007DEC13 /* DateInterval.h */ = {isa = PBXFileReference; fileEncoding = 4; lastKnownFileType = sourcecode.c.h; path = DateInterval.h; sourceTree = "<group>"; };
		163D7586186712B6007DEC13 /* DateInterval.m */ = {isa = PBXFileReference; fileEncoding = 4; lastKnownFileType = sourcecode.c.objc; path = DateInterval.m; sourceTree = "<group>"; };
		163D75A018672C10007DEC13 /* PersonalCareerView.h */ = {isa = PBXFileReference; fileEncoding = 4; lastKnownFileType = sourcecode.c.h; path = PersonalCareerView.h; sourceTree = "<group>"; };
		163D75A118672C10007DEC13 /* PersonalCareerView.m */ = {isa = PBXFileReference; fileEncoding = 4; lastKnownFileType = sourcecode.c.objc; path = PersonalCareerView.m; sourceTree = "<group>"; };
		163D75A318672CB1007DEC13 /* DatingRecord.h */ = {isa = PBXFileReference; fileEncoding = 4; lastKnownFileType = sourcecode.c.h; path = DatingRecord.h; sourceTree = "<group>"; };
		163D75A418672CB1007DEC13 /* DatingRecord.m */ = {isa = PBXFileReference; fileEncoding = 4; lastKnownFileType = sourcecode.c.objc; path = DatingRecord.m; sourceTree = "<group>"; };
		163D75A918672CB2007DEC13 /* PersonalCareer.h */ = {isa = PBXFileReference; fileEncoding = 4; lastKnownFileType = sourcecode.c.h; path = PersonalCareer.h; sourceTree = "<group>"; };
		163D75AA18672CB2007DEC13 /* PersonalCareer.m */ = {isa = PBXFileReference; fileEncoding = 4; lastKnownFileType = sourcecode.c.objc; path = PersonalCareer.m; sourceTree = "<group>"; };
		163D75AC18672CB2007DEC13 /* PersonalFirstTimeRecord.h */ = {isa = PBXFileReference; fileEncoding = 4; lastKnownFileType = sourcecode.c.h; path = PersonalFirstTimeRecord.h; sourceTree = "<group>"; };
		163D75AD18672CB2007DEC13 /* PersonalFirstTimeRecord.m */ = {isa = PBXFileReference; fileEncoding = 4; lastKnownFileType = sourcecode.c.objc; path = PersonalFirstTimeRecord.m; sourceTree = "<group>"; };
		163D75B51875A289007DEC13 /* icon.png */ = {isa = PBXFileReference; lastKnownFileType = image.png; path = icon.png; sourceTree = "<group>"; };
		163D75B71877BEBC007DEC13 /* PersonalBasicInfo.h */ = {isa = PBXFileReference; fileEncoding = 4; lastKnownFileType = sourcecode.c.h; path = PersonalBasicInfo.h; sourceTree = "<group>"; };
		163D75B81877BEBC007DEC13 /* PersonalBasicInfo.m */ = {isa = PBXFileReference; fileEncoding = 4; lastKnownFileType = sourcecode.c.objc; path = PersonalBasicInfo.m; sourceTree = "<group>"; };
		163F0980181DDED300A28D63 /* PeopleListView.h */ = {isa = PBXFileReference; fileEncoding = 4; lastKnownFileType = sourcecode.c.h; path = PeopleListView.h; sourceTree = "<group>"; };
		163F0981181DDED300A28D63 /* PeopleListView.m */ = {isa = PBXFileReference; fileEncoding = 4; lastKnownFileType = sourcecode.c.objc; path = PeopleListView.m; sourceTree = "<group>"; };
		16876BD018A2465800DDD221 /* DatePickerHelper.h */ = {isa = PBXFileReference; fileEncoding = 4; lastKnownFileType = sourcecode.c.h; path = DatePickerHelper.h; sourceTree = "<group>"; };
		16876BD118A2465800DDD221 /* DatePickerHelper.m */ = {isa = PBXFileReference; fileEncoding = 4; lastKnownFileType = sourcecode.c.objc; path = DatePickerHelper.m; sourceTree = "<group>"; };
		16876BD318A3C11100DDD221 /* UIHelperBase.h */ = {isa = PBXFileReference; fileEncoding = 4; lastKnownFileType = sourcecode.c.h; path = UIHelperBase.h; sourceTree = "<group>"; };
		16876BD418A3C11100DDD221 /* UIHelperBase.m */ = {isa = PBXFileReference; fileEncoding = 4; lastKnownFileType = sourcecode.c.objc; path = UIHelperBase.m; sourceTree = "<group>"; };
		16876BD618A3C1FB00DDD221 /* StrPickerHelper.h */ = {isa = PBXFileReference; fileEncoding = 4; lastKnownFileType = sourcecode.c.h; path = StrPickerHelper.h; sourceTree = "<group>"; };
		16876BD718A3C1FB00DDD221 /* StrPickerHelper.m */ = {isa = PBXFileReference; fileEncoding = 4; lastKnownFileType = sourcecode.c.objc; path = StrPickerHelper.m; sourceTree = "<group>"; };
		16876BD918A3C3E900DDD221 /* StrPickerWithSearchHelper.h */ = {isa = PBXFileReference; fileEncoding = 4; lastKnownFileType = sourcecode.c.h; path = StrPickerWithSearchHelper.h; sourceTree = "<group>"; };
		16876BDA18A3C3E900DDD221 /* StrPickerWithSearchHelper.m */ = {isa = PBXFileReference; fileEncoding = 4; lastKnownFileType = sourcecode.c.objc; path = StrPickerWithSearchHelper.m; sourceTree = "<group>"; };
		16876BDC18A476E400DDD221 /* MultiSelectStrPickerWithSearchHelper.h */ = {isa = PBXFileReference; fileEncoding = 4; lastKnownFileType = sourcecode.c.h; name = MultiSelectStrPickerWithSearchHelper.h; path = ../MultiSelectStrPickerWithSearchHelper.h; sourceTree = "<group>"; };
		16876BDD18A476E400DDD221 /* MultiSelectStrPickerWithSearchHelper.m */ = {isa = PBXFileReference; fileEncoding = 4; lastKnownFileType = sourcecode.c.objc; name = MultiSelectStrPickerWithSearchHelper.m; path = ../MultiSelectStrPickerWithSearchHelper.m; sourceTree = "<group>"; };
		16876BDF18A4A4F300DDD221 /* MultiSelectStrPickerWithSearch_InputHelper.h */ = {isa = PBXFileReference; fileEncoding = 4; lastKnownFileType = sourcecode.c.h; path = MultiSelectStrPickerWithSearch_InputHelper.h; sourceTree = "<group>"; };
		16876BE018A4A4F300DDD221 /* MultiSelectStrPickerWithSearch_InputHelper.m */ = {isa = PBXFileReference; fileEncoding = 4; lastKnownFileType = sourcecode.c.objc; path = MultiSelectStrPickerWithSearch_InputHelper.m; sourceTree = "<group>"; };
		1691F0231850B7A9000C45A8 /* CEducation.h */ = {isa = PBXFileReference; fileEncoding = 4; lastKnownFileType = sourcecode.c.h; path = CEducation.h; sourceTree = "<group>"; };
		1691F0241850B7A9000C45A8 /* CEducation.m */ = {isa = PBXFileReference; fileEncoding = 4; lastKnownFileType = sourcecode.c.objc; path = CEducation.m; sourceTree = "<group>"; };
		16D872BE17FE954700561887 /* PersonalBasicInfoView.h */ = {isa = PBXFileReference; fileEncoding = 4; lastKnownFileType = sourcecode.c.h; path = PersonalBasicInfoView.h; sourceTree = "<group>"; };
		16D872BF17FE954700561887 /* PersonalBasicInfoView.m */ = {isa = PBXFileReference; fileEncoding = 4; lastKnownFileType = sourcecode.c.objc; path = PersonalBasicInfoView.m; sourceTree = "<group>"; };
		16D872C417FE991400561887 /* PersonalActivityView.h */ = {isa = PBXFileReference; fileEncoding = 4; lastKnownFileType = sourcecode.c.h; path = PersonalActivityView.h; sourceTree = "<group>"; };
		16D872C517FE991400561887 /* PersonalActivityView.m */ = {isa = PBXFileReference; fileEncoding = 4; lastKnownFileType = sourcecode.c.objc; path = PersonalActivityView.m; sourceTree = "<group>"; };
		16D872C717FE9A0A00561887 /* WaitingListView.h */ = {isa = PBXFileReference; fileEncoding = 4; lastKnownFileType = sourcecode.c.h; path = WaitingListView.h; sourceTree = "<group>"; };
		16D872C817FE9A0A00561887 /* WaitingListView.m */ = {isa = PBXFileReference; fileEncoding = 4; lastKnownFileType = sourcecode.c.objc; path = WaitingListView.m; sourceTree = "<group>"; };
		16D872CB17FFA28B00561887 /* MakingChoiceView.h */ = {isa = PBXFileReference; fileEncoding = 4; lastKnownFileType = sourcecode.c.h; path = MakingChoiceView.h; sourceTree = "<group>"; };
		16D872CC17FFA28B00561887 /* MakingChoiceView.m */ = {isa = PBXFileReference; fileEncoding = 4; lastKnownFileType = sourcecode.c.objc; path = MakingChoiceView.m; sourceTree = "<group>"; };
		16E38446180A8C18007CC843 /* CoreData.framework */ = {isa = PBXFileReference; lastKnownFileType = wrapper.framework; name = CoreData.framework; path = System/Library/Frameworks/CoreData.framework; sourceTree = SDKROOT; };
		16E3844E180A97EB007CC843 /* Connection.xcdatamodel */ = {isa = PBXFileReference; lastKnownFileType = wrapper.xcdatamodel; path = Connection.xcdatamodel; sourceTree = "<group>"; };
		16F455D9185DE93D0014167E /* PersonalBasicInfoView2.h */ = {isa = PBXFileReference; fileEncoding = 4; lastKnownFileType = sourcecode.c.h; path = PersonalBasicInfoView2.h; sourceTree = "<group>"; };
		16F455DA185DE93D0014167E /* PersonalBasicInfoView2.m */ = {isa = PBXFileReference; fileEncoding = 4; lastKnownFileType = sourcecode.c.objc; path = PersonalBasicInfoView2.m; sourceTree = "<group>"; };
		16F455EB185F236C0014167E /* CGenericItemSetView.h */ = {isa = PBXFileReference; fileEncoding = 4; lastKnownFileType = sourcecode.c.h; path = CGenericItemSetView.h; sourceTree = "<group>"; };
		16F455EC185F236C0014167E /* CGenericItemSetView.m */ = {isa = PBXFileReference; fileEncoding = 4; lastKnownFileType = sourcecode.c.objc; path = CGenericItemSetView.m; sourceTree = "<group>"; };
		16F455EE185F23940014167E /* CEditGenericItemView.h */ = {isa = PBXFileReference; fileEncoding = 4; lastKnownFileType = sourcecode.c.h; path = CEditGenericItemView.h; sourceTree = "<group>"; };
		16F455EF185F23940014167E /* CEditGenericItemView.m */ = {isa = PBXFileReference; fileEncoding = 4; lastKnownFileType = sourcecode.c.objc; path = CEditGenericItemView.m; sourceTree = "<group>"; };
		16F455F1185F527E0014167E /* UIHelper.h */ = {isa = PBXFileReference; fileEncoding = 4; lastKnownFileType = sourcecode.c.h; path = UIHelper.h; sourceTree = "<group>"; };
		16F455F2185F527E0014167E /* UIHelper.m */ = {isa = PBXFileReference; fileEncoding = 4; lastKnownFileType = sourcecode.c.objc; path = UIHelper.m; sourceTree = "<group>"; };
		16F810A91864956400A7EA94 /* DatingRecord+UIGenericAdopter.h */ = {isa = PBXFileReference; fileEncoding = 4; lastKnownFileType = sourcecode.c.h; path = "DatingRecord+UIGenericAdopter.h"; sourceTree = "<group>"; };
		16F810AA1864956400A7EA94 /* DatingRecord+UIGenericAdopter.m */ = {isa = PBXFileReference; fileEncoding = 4; lastKnownFileType = sourcecode.c.objc; path = "DatingRecord+UIGenericAdopter.m"; sourceTree = "<group>"; };
		16F810AC186495E000A7EA94 /* DatingRecordSet.h */ = {isa = PBXFileReference; fileEncoding = 4; lastKnownFileType = sourcecode.c.h; path = DatingRecordSet.h; sourceTree = "<group>"; };
		16F810AD186495E000A7EA94 /* DatingRecordSet.m */ = {isa = PBXFileReference; fileEncoding = 4; lastKnownFileType = sourcecode.c.objc; path = DatingRecordSet.m; sourceTree = "<group>"; };
		16F9479618939C8900751A90 /* CInterest.h */ = {isa = PBXFileReference; fileEncoding = 4; lastKnownFileType = sourcecode.c.h; path = CInterest.h; sourceTree = "<group>"; };
		16F9479718939C8900751A90 /* CInterest.m */ = {isa = PBXFileReference; fileEncoding = 4; lastKnownFileType = sourcecode.c.objc; path = CInterest.m; sourceTree = "<group>"; };
		16F9479918939C9900751A90 /* CInterestSet.h */ = {isa = PBXFileReference; fileEncoding = 4; lastKnownFileType = sourcecode.c.h; path = CInterestSet.h; sourceTree = "<group>"; };
		16F9479A18939C9900751A90 /* CInterestSet.m */ = {isa = PBXFileReference; fileEncoding = 4; lastKnownFileType = sourcecode.c.objc; path = CInterestSet.m; sourceTree = "<group>"; };
		16FBC8811859EBF100721A59 /* CEducationItem.h */ = {isa = PBXFileReference; fileEncoding = 4; lastKnownFileType = sourcecode.c.h; path = CEducationItem.h; sourceTree = "<group>"; };
		16FBC8821859EBF100721A59 /* CEducationItem.m */ = {isa = PBXFileReference; fileEncoding = 4; lastKnownFileType = sourcecode.c.objc; path = CEducationItem.m; sourceTree = "<group>"; };
		16FBC887185A01B600721A59 /* CJSONDeserializer.h */ = {isa = PBXFileReference; fileEncoding = 4; lastKnownFileType = sourcecode.c.h; name = CJSONDeserializer.h; path = libs/TouchJSON/CJSONDeserializer.h; sourceTree = "<group>"; };
		16FBC888185A01B600721A59 /* CJSONDeserializer.m */ = {isa = PBXFileReference; fileEncoding = 4; lastKnownFileType = sourcecode.c.objc; name = CJSONDeserializer.m; path = libs/TouchJSON/CJSONDeserializer.m; sourceTree = "<group>"; };
		16FBC889185A01B600721A59 /* CJSONSerializer.h */ = {isa = PBXFileReference; fileEncoding = 4; lastKnownFileType = sourcecode.c.h; name = CJSONSerializer.h; path = libs/TouchJSON/CJSONSerializer.h; sourceTree = "<group>"; };
		16FBC88A185A01B600721A59 /* CJSONSerializer.m */ = {isa = PBXFileReference; fileEncoding = 4; lastKnownFileType = sourcecode.c.objc; name = CJSONSerializer.m; path = libs/TouchJSON/CJSONSerializer.m; sourceTree = "<group>"; };
		16FBC88B185A01B600721A59 /* JSONRepresentation.h */ = {isa = PBXFileReference; fileEncoding = 4; lastKnownFileType = sourcecode.c.h; name = JSONRepresentation.h; path = libs/TouchJSON/JSONRepresentation.h; sourceTree = "<group>"; };
		16FBC88C185A01B700721A59 /* NSDictionary_JSONExtensions.h */ = {isa = PBXFileReference; fileEncoding = 4; lastKnownFileType = sourcecode.c.h; name = NSDictionary_JSONExtensions.h; path = libs/TouchJSON/NSDictionary_JSONExtensions.h; sourceTree = "<group>"; };
		16FBC88D185A01B700721A59 /* NSDictionary_JSONExtensions.m */ = {isa = PBXFileReference; fileEncoding = 4; lastKnownFileType = sourcecode.c.objc; name = NSDictionary_JSONExtensions.m; path = libs/TouchJSON/NSDictionary_JSONExtensions.m; sourceTree = "<group>"; };
		16FBC892185A02F200721A59 /* Utils.h */ = {isa = PBXFileReference; lastKnownFileType = sourcecode.c.h; path = Utils.h; sourceTree = "<group>"; };
		16FBC893185A800700721A59 /* libs.h */ = {isa = PBXFileReference; lastKnownFileType = sourcecode.c.h; path = libs.h; sourceTree = "<group>"; };
		16FBC894185A821200721A59 /* PSerialize.h */ = {isa = PBXFileReference; lastKnownFileType = sourcecode.c.h; path = PSerialize.h; sourceTree = "<group>"; };
/* End PBXFileReference section */

/* Begin PBXFrameworksBuildPhase section */
		16166D5017F4678300AEEC4C /* Frameworks */ = {
			isa = PBXFrameworksBuildPhase;
			buildActionMask = 2147483647;
			files = (
				16E38447180A8C18007CC843 /* CoreData.framework in Frameworks */,
				16166D5917F4678300AEEC4C /* CoreGraphics.framework in Frameworks */,
				16166D5B17F4678300AEEC4C /* UIKit.framework in Frameworks */,
				16166D5717F4678300AEEC4C /* Foundation.framework in Frameworks */,
			);
			runOnlyForDeploymentPostprocessing = 0;
		};
		16166D7417F4678300AEEC4C /* Frameworks */ = {
			isa = PBXFrameworksBuildPhase;
			buildActionMask = 2147483647;
			files = (
				16166D7917F4678300AEEC4C /* XCTest.framework in Frameworks */,
				16166D7B17F4678300AEEC4C /* UIKit.framework in Frameworks */,
				16166D7A17F4678300AEEC4C /* Foundation.framework in Frameworks */,
			);
			runOnlyForDeploymentPostprocessing = 0;
		};
/* End PBXFrameworksBuildPhase section */

/* Begin PBXGroup section */
		160CF739185B587200CDEFCE /* Constant */ = {
			isa = PBXGroup;
			children = (
				160CF740185BFF0300CDEFCE /* Constant.h */,
				160CF741185BFF0300CDEFCE /* Constant.m */,
			);
			name = Constant;
			sourceTree = "<group>";
		};
		160CF73A185B58C500CDEFCE /* BasicInfo */ = {
			isa = PBXGroup;
			children = (
				1691F0231850B7A9000C45A8 /* CEducation.h */,
				1691F0241850B7A9000C45A8 /* CEducation.m */,
				16FBC8811859EBF100721A59 /* CEducationItem.h */,
				16FBC8821859EBF100721A59 /* CEducationItem.m */,
				160CF727185B4EC800CDEFCE /* CHomeStructure.h */,
				160CF728185B4EC800CDEFCE /* CHomeStructure.m */,
				160CF72A185B4F0700CDEFCE /* CHomeMember.h */,
				160CF72B185B4F0700CDEFCE /* CHomeMember.m */,
				16F9479618939C8900751A90 /* CInterest.h */,
				16F9479718939C8900751A90 /* CInterest.m */,
				16F9479918939C9900751A90 /* CInterestSet.h */,
				16F9479A18939C9900751A90 /* CInterestSet.m */,
			);
			name = BasicInfo;
			sourceTree = "<group>";
		};
		160CF73B185B58DC00CDEFCE /* CareerInfo */ = {
			isa = PBXGroup;
			children = (
				160CF721185B485000CDEFCE /* CExperienceItem.h */,
				160CF722185B485000CDEFCE /* CExperienceItem.m */,
				160CF724185B4B9700CDEFCE /* CExperience.h */,
				160CF725185B4B9700CDEFCE /* CExperience.m */,
				160CF72D185B532F00CDEFCE /* CSkillSet.h */,
				160CF72E185B532F00CDEFCE /* CSkillSet.m */,
				160CF730185B533A00CDEFCE /* CSkill.h */,
				160CF731185B533A00CDEFCE /* CSkill.m */,
				160CF733185B55DF00CDEFCE /* CCareer.h */,
				160CF734185B55DF00CDEFCE /* CCareer.m */,
				160CF736185B55ED00CDEFCE /* CCareerField.h */,
				160CF737185B55ED00CDEFCE /* CCareerField.m */,
			);
			name = CareerInfo;
			sourceTree = "<group>";
		};
		160CF73C185B58F300CDEFCE /* Session */ = {
			isa = PBXGroup;
			children = (
				16F810A91864956400A7EA94 /* DatingRecord+UIGenericAdopter.h */,
				16F810AA1864956400A7EA94 /* DatingRecord+UIGenericAdopter.m */,
				16F810AC186495E000A7EA94 /* DatingRecordSet.h */,
				16F810AD186495E000A7EA94 /* DatingRecordSet.m */,
			);
			name = Session;
			sourceTree = "<group>";
		};
		16166D4A17F4678300AEEC4C = {
			isa = PBXGroup;
			children = (
				16166D5C17F4678300AEEC4C /* Connection */,
				16166D7E17F4678300AEEC4C /* ConnectionTests */,
				16166D5517F4678300AEEC4C /* Frameworks */,
				16166D5417F4678300AEEC4C /* Products */,
			);
			sourceTree = "<group>";
		};
		16166D5417F4678300AEEC4C /* Products */ = {
			isa = PBXGroup;
			children = (
				16166D5317F4678300AEEC4C /* Connection.app */,
				16166D7717F4678300AEEC4C /* ConnectionTests.xctest */,
			);
			name = Products;
			sourceTree = "<group>";
		};
		16166D5517F4678300AEEC4C /* Frameworks */ = {
			isa = PBXGroup;
			children = (
				16E38446180A8C18007CC843 /* CoreData.framework */,
				16166D5617F4678300AEEC4C /* Foundation.framework */,
				16166D5817F4678300AEEC4C /* CoreGraphics.framework */,
				16166D5A17F4678300AEEC4C /* UIKit.framework */,
				16166D7817F4678300AEEC4C /* XCTest.framework */,
			);
			name = Frameworks;
			sourceTree = "<group>";
		};
		16166D5C17F4678300AEEC4C /* Connection */ = {
			isa = PBXGroup;
			children = (
				16FBC8841859F53100721A59 /* libs */,
				163F0983181DDEFA00A28D63 /* UI */,
				163F096C181CD8E200A28D63 /* Utils */,
				16D872CE17FFA29300561887 /* Data */,
				16D872CA17FFA24500561887 /* UI_Utils */,
				16166D6517F4678300AEEC4C /* AppDelegate.h */,
				16166D6617F4678300AEEC4C /* AppDelegate.m */,
				16166D6817F4678300AEEC4C /* Main.storyboard */,
				16166D7117F4678300AEEC4C /* Images.xcassets */,
				16166D5D17F4678300AEEC4C /* Supporting Files */,
				160CF743185C1D7A00CDEFCE /* Connection.h */,
			);
			path = Connection;
			sourceTree = "<group>";
		};
		16166D5D17F4678300AEEC4C /* Supporting Files */ = {
			isa = PBXGroup;
			children = (
				163D75B51875A289007DEC13 /* icon.png */,
				16166D5E17F4678300AEEC4C /* Connection-Info.plist */,
				16166D5F17F4678300AEEC4C /* InfoPlist.strings */,
				16166D6217F4678300AEEC4C /* main.m */,
				16166D6417F4678300AEEC4C /* Connection-Prefix.pch */,
			);
			name = "Supporting Files";
			sourceTree = "<group>";
		};
		16166D7E17F4678300AEEC4C /* ConnectionTests */ = {
			isa = PBXGroup;
			children = (
				16166D7F17F4678300AEEC4C /* Supporting Files */,
			);
			path = ConnectionTests;
			sourceTree = "<group>";
		};
		16166D7F17F4678300AEEC4C /* Supporting Files */ = {
			isa = PBXGroup;
			children = (
				16166D8017F4678300AEEC4C /* ConnectionTests-Info.plist */,
				16166D8117F4678300AEEC4C /* InfoPlist.strings */,
			);
			name = "Supporting Files";
			sourceTree = "<group>";
		};
		163F096C181CD8E200A28D63 /* Utils */ = {
			isa = PBXGroup;
			children = (
				16FBC892185A02F200721A59 /* Utils.h */,
				160CF759185C3C7500CDEFCE /* Utils.m */,
				16FBC894185A821200721A59 /* PSerialize.h */,
				160CF73D185BF20B00CDEFCE /* JsonHelper.h */,
				160CF73E185BF20B00CDEFCE /* JsonHelper.m */,
				160CF744185C227A00CDEFCE /* DBHelper.h */,
				160CF745185C227A00CDEFCE /* DBHelper.m */,
			);
			name = Utils;
			sourceTree = "<group>";
		};
		163F0983181DDEFA00A28D63 /* UI */ = {
			isa = PBXGroup;
			children = (
				16876BDC18A476E400DDD221 /* MultiSelectStrPickerWithSearchHelper.h */,
				16876BDF18A4A4F300DDD221 /* MultiSelectStrPickerWithSearch_InputHelper.h */,
				16876BE018A4A4F300DDD221 /* MultiSelectStrPickerWithSearch_InputHelper.m */,
				16876BDD18A476E400DDD221 /* MultiSelectStrPickerWithSearchHelper.m */,
				163D75A018672C10007DEC13 /* PersonalCareerView.h */,
				163D75A118672C10007DEC13 /* PersonalCareerView.m */,
				163F0980181DDED300A28D63 /* PeopleListView.h */,
				163F0981181DDED300A28D63 /* PeopleListView.m */,
				16D872BE17FE954700561887 /* PersonalBasicInfoView.h */,
				16D872BF17FE954700561887 /* PersonalBasicInfoView.m */,
				16D872C417FE991400561887 /* PersonalActivityView.h */,
				16D872C517FE991400561887 /* PersonalActivityView.m */,
				16D872C717FE9A0A00561887 /* WaitingListView.h */,
				16D872C817FE9A0A00561887 /* WaitingListView.m */,
				160CF747185C2F5900CDEFCE /* PeopleInfoBarController.h */,
				160CF748185C2F5900CDEFCE /* PeopleInfoBarController.m */,
				16F455D9185DE93D0014167E /* PersonalBasicInfoView2.h */,
				16F455DA185DE93D0014167E /* PersonalBasicInfoView2.m */,
				16F455EB185F236C0014167E /* CGenericItemSetView.h */,
				16F455EC185F236C0014167E /* CGenericItemSetView.m */,
				16F455EE185F23940014167E /* CEditGenericItemView.h */,
				16F455EF185F23940014167E /* CEditGenericItemView.m */,
				16F455F1185F527E0014167E /* UIHelper.h */,
				16876BD318A3C11100DDD221 /* UIHelperBase.h */,
				16876BD418A3C11100DDD221 /* UIHelperBase.m */,
				16876BD618A3C1FB00DDD221 /* StrPickerHelper.h */,
				16876BD718A3C1FB00DDD221 /* StrPickerHelper.m */,
				16876BD918A3C3E900DDD221 /* StrPickerWithSearchHelper.h */,
				16876BDA18A3C3E900DDD221 /* StrPickerWithSearchHelper.m */,
				16876BD018A2465800DDD221 /* DatePickerHelper.h */,
				16876BD118A2465800DDD221 /* DatePickerHelper.m */,
				16F455F2185F527E0014167E /* UIHelper.m */,
			);
			name = UI;
			sourceTree = "<group>";
		};
		1691F0221850B74A000C45A8 /* BasicDataCluster */ = {
			isa = PBXGroup;
			children = (
				160CF73C185B58F300CDEFCE /* Session */,
				160CF73A185B58C500CDEFCE /* BasicInfo */,
				160CF73B185B58DC00CDEFCE /* CareerInfo */,
			);
			name = BasicDataCluster;
			sourceTree = "<group>";
		};
		16D872CA17FFA24500561887 /* UI_Utils */ = {
			isa = PBXGroup;
			children = (
				16D872CB17FFA28B00561887 /* MakingChoiceView.h */,
				16D872CC17FFA28B00561887 /* MakingChoiceView.m */,
			);
			name = UI_Utils;
			sourceTree = "<group>";
		};
		16D872CE17FFA29300561887 /* Data */ = {
			isa = PBXGroup;
			children = (
				160CF739185B587200CDEFCE /* Constant */,
				16E38449180A8DFE007CC843 /* Class */,
				16E38448180A8DE3007CC843 /* Model */,
			);
			name = Data;
			sourceTree = "<group>";
		};
		16E38448180A8DE3007CC843 /* Model */ = {
			isa = PBXGroup;
			children = (
				16E3844D180A97EB007CC843 /* Connection.xcdatamodeld */,
			);
			name = Model;
			sourceTree = "<group>";
		};
		16E38449180A8DFE007CC843 /* Class */ = {
			isa = PBXGroup;
			children = (
				16F810A81864953700A7EA94 /* Generated */,
				1691F0221850B74A000C45A8 /* BasicDataCluster */,
				163D7585186712B6007DEC13 /* DateInterval.h */,
				163D7586186712B6007DEC13 /* DateInterval.m */,
			);
			name = Class;
			sourceTree = "<group>";
		};
		16F810A81864953700A7EA94 /* Generated */ = {
			isa = PBXGroup;
			children = (
				163D75B71877BEBC007DEC13 /* PersonalBasicInfo.h */,
				163D75B81877BEBC007DEC13 /* PersonalBasicInfo.m */,
				163D75AC18672CB2007DEC13 /* PersonalFirstTimeRecord.h */,
				163D75AD18672CB2007DEC13 /* PersonalFirstTimeRecord.m */,
				163D75A918672CB2007DEC13 /* PersonalCareer.h */,
				163D75AA18672CB2007DEC13 /* PersonalCareer.m */,
				163D75A318672CB1007DEC13 /* DatingRecord.h */,
				163D75A418672CB1007DEC13 /* DatingRecord.m */,
			);
			name = Generated;
			sourceTree = "<group>";
		};
		16FBC8841859F53100721A59 /* libs */ = {
			isa = PBXGroup;
			children = (
				16FBC891185A01C400721A59 /* TouchJSON */,
				16FBC893185A800700721A59 /* libs.h */,
			);
			name = libs;
			sourceTree = "<group>";
		};
		16FBC891185A01C400721A59 /* TouchJSON */ = {
			isa = PBXGroup;
			children = (
				16FBC887185A01B600721A59 /* CJSONDeserializer.h */,
				16FBC888185A01B600721A59 /* CJSONDeserializer.m */,
				16FBC889185A01B600721A59 /* CJSONSerializer.h */,
				16FBC88A185A01B600721A59 /* CJSONSerializer.m */,
				16FBC88B185A01B600721A59 /* JSONRepresentation.h */,
				16FBC88C185A01B700721A59 /* NSDictionary_JSONExtensions.h */,
				16FBC88D185A01B700721A59 /* NSDictionary_JSONExtensions.m */,
			);
			name = TouchJSON;
			sourceTree = "<group>";
		};
/* End PBXGroup section */

/* Begin PBXNativeTarget section */
		16166D5217F4678300AEEC4C /* Connection */ = {
			isa = PBXNativeTarget;
			buildConfigurationList = 16166D8817F4678300AEEC4C /* Build configuration list for PBXNativeTarget "Connection" */;
			buildPhases = (
				16166D4F17F4678300AEEC4C /* Sources */,
				16166D5017F4678300AEEC4C /* Frameworks */,
				16166D5117F4678300AEEC4C /* Resources */,
			);
			buildRules = (
			);
			dependencies = (
			);
			name = Connection;
			productName = Connection;
			productReference = 16166D5317F4678300AEEC4C /* Connection.app */;
			productType = "com.apple.product-type.application";
		};
		16166D7617F4678300AEEC4C /* ConnectionTests */ = {
			isa = PBXNativeTarget;
			buildConfigurationList = 16166D8B17F4678300AEEC4C /* Build configuration list for PBXNativeTarget "ConnectionTests" */;
			buildPhases = (
				16166D7317F4678300AEEC4C /* Sources */,
				16166D7417F4678300AEEC4C /* Frameworks */,
				16166D7517F4678300AEEC4C /* Resources */,
			);
			buildRules = (
			);
			dependencies = (
				16166D7D17F4678300AEEC4C /* PBXTargetDependency */,
			);
			name = ConnectionTests;
			productName = ConnectionTests;
			productReference = 16166D7717F4678300AEEC4C /* ConnectionTests.xctest */;
			productType = "com.apple.product-type.bundle.unit-test";
		};
/* End PBXNativeTarget section */

/* Begin PBXProject section */
		16166D4B17F4678300AEEC4C /* Project object */ = {
			isa = PBXProject;
			attributes = {
				LastUpgradeCheck = 0500;
				ORGANIZATIONNAME = Org;
				TargetAttributes = {
					16166D5217F4678300AEEC4C = {
						DevelopmentTeam = J8M63C86J3;
					};
					16166D7617F4678300AEEC4C = {
						TestTargetID = 16166D5217F4678300AEEC4C;
					};
				};
			};
			buildConfigurationList = 16166D4E17F4678300AEEC4C /* Build configuration list for PBXProject "Connection" */;
			compatibilityVersion = "Xcode 3.2";
			developmentRegion = English;
			hasScannedForEncodings = 0;
			knownRegions = (
				en,
				Base,
			);
			mainGroup = 16166D4A17F4678300AEEC4C;
			productRefGroup = 16166D5417F4678300AEEC4C /* Products */;
			projectDirPath = "";
			projectRoot = "";
			targets = (
				16166D5217F4678300AEEC4C /* Connection */,
				16166D7617F4678300AEEC4C /* ConnectionTests */,
			);
		};
/* End PBXProject section */

/* Begin PBXResourcesBuildPhase section */
		16166D5117F4678300AEEC4C /* Resources */ = {
			isa = PBXResourcesBuildPhase;
			buildActionMask = 2147483647;
			files = (
				163D75B61875A289007DEC13 /* icon.png in Resources */,
				16166D7217F4678300AEEC4C /* Images.xcassets in Resources */,
				16166D6117F4678300AEEC4C /* InfoPlist.strings in Resources */,
				16166D6A17F4678300AEEC4C /* Main.storyboard in Resources */,
			);
			runOnlyForDeploymentPostprocessing = 0;
		};
		16166D7517F4678300AEEC4C /* Resources */ = {
			isa = PBXResourcesBuildPhase;
			buildActionMask = 2147483647;
			files = (
				16166D8317F4678300AEEC4C /* InfoPlist.strings in Resources */,
			);
			runOnlyForDeploymentPostprocessing = 0;
		};
/* End PBXResourcesBuildPhase section */

/* Begin PBXSourcesBuildPhase section */
		16166D4F17F4678300AEEC4C /* Sources */ = {
			isa = PBXSourcesBuildPhase;
			buildActionMask = 2147483647;
			files = (
				163D75A518672CB1007DEC13 /* DatingRecord.m in Sources */,
				160CF746185C227A00CDEFCE /* DBHelper.m in Sources */,
				163D75AB18672CB2007DEC13 /* PersonalCareer.m in Sources */,
				163F0982181DDED300A28D63 /* PeopleListView.m in Sources */,
				160CF732185B533A00CDEFCE /* CSkill.m in Sources */,
				160CF726185B4B9700CDEFCE /* CExperience.m in Sources */,
				16876BDE18A476E400DDD221 /* MultiSelectStrPickerWithSearchHelper.m in Sources */,
				16F9479B18939C9900751A90 /* CInterestSet.m in Sources */,
				160CF729185B4EC800CDEFCE /* CHomeStructure.m in Sources */,
				16FBC8831859EBF100721A59 /* CEducationItem.m in Sources */,
				16166D6717F4678300AEEC4C /* AppDelegate.m in Sources */,
				16D872C917FE9A0A00561887 /* WaitingListView.m in Sources */,
				16FBC88F185A01B700721A59 /* CJSONSerializer.m in Sources */,
				16F455DB185DE93D0014167E /* PersonalBasicInfoView2.m in Sources */,
				163D75A218672C10007DEC13 /* PersonalCareerView.m in Sources */,
				160CF735185B55DF00CDEFCE /* CCareer.m in Sources */,
				160CF742185BFF0300CDEFCE /* Constant.m in Sources */,
				16F810AE186495E000A7EA94 /* DatingRecordSet.m in Sources */,
				163D75B91877BEBC007DEC13 /* PersonalBasicInfo.m in Sources */,
				1691F0251850B7A9000C45A8 /* CEducation.m in Sources */,
				16D872CD17FFA28B00561887 /* MakingChoiceView.m in Sources */,
				16F810AB1864956400A7EA94 /* DatingRecord+UIGenericAdopter.m in Sources */,
				16FBC890185A01B700721A59 /* NSDictionary_JSONExtensions.m in Sources */,
				160CF75A185C3C7500CDEFCE /* Utils.m in Sources */,
				16F9479818939C8900751A90 /* CInterest.m in Sources */,
				16876BD518A3C11100DDD221 /* UIHelperBase.m in Sources */,
				16876BDB18A3C3E900DDD221 /* StrPickerWithSearchHelper.m in Sources */,
				16D872C617FE991400561887 /* PersonalActivityView.m in Sources */,
				16876BD218A2465800DDD221 /* DatePickerHelper.m in Sources */,
				160CF738185B55ED00CDEFCE /* CCareerField.m in Sources */,
				16876BE118A4A4F300DDD221 /* MultiSelectStrPickerWithSearch_InputHelper.m in Sources */,
				160CF73F185BF20B00CDEFCE /* JsonHelper.m in Sources */,
				160CF723185B485000CDEFCE /* CExperienceItem.m in Sources */,
				163D7587186712B6007DEC13 /* DateInterval.m in Sources */,
				160CF72F185B532F00CDEFCE /* CSkillSet.m in Sources */,
				163D75AE18672CB2007DEC13 /* PersonalFirstTimeRecord.m in Sources */,
				16F455F0185F23940014167E /* CEditGenericItemView.m in Sources */,
				16166D6317F4678300AEEC4C /* main.m in Sources */,
				160CF72C185B4F0700CDEFCE /* CHomeMember.m in Sources */,
				16F455ED185F236C0014167E /* CGenericItemSetView.m in Sources */,
				16D872C017FE954700561887 /* PersonalBasicInfoView.m in Sources */,
				16E3844F180A97EB007CC843 /* Connection.xcdatamodeld in Sources */,
				16876BD818A3C1FB00DDD221 /* StrPickerHelper.m in Sources */,
				160CF749185C2F5900CDEFCE /* PeopleInfoBarController.m in Sources */,
				16FBC88E185A01B700721A59 /* CJSONDeserializer.m in Sources */,
				16F455F3185F527E0014167E /* UIHelper.m in Sources */,
			);
			runOnlyForDeploymentPostprocessing = 0;
		};
		16166D7317F4678300AEEC4C /* Sources */ = {
			isa = PBXSourcesBuildPhase;
			buildActionMask = 2147483647;
			files = (
			);
			runOnlyForDeploymentPostprocessing = 0;
		};
/* End PBXSourcesBuildPhase section */

/* Begin PBXTargetDependency section */
		16166D7D17F4678300AEEC4C /* PBXTargetDependency */ = {
			isa = PBXTargetDependency;
			target = 16166D5217F4678300AEEC4C /* Connection */;
			targetProxy = 16166D7C17F4678300AEEC4C /* PBXContainerItemProxy */;
		};
/* End PBXTargetDependency section */

/* Begin PBXVariantGroup section */
		16166D5F17F4678300AEEC4C /* InfoPlist.strings */ = {
			isa = PBXVariantGroup;
			children = (
				16166D6017F4678300AEEC4C /* en */,
			);
			name = InfoPlist.strings;
			sourceTree = "<group>";
		};
		16166D6817F4678300AEEC4C /* Main.storyboard */ = {
			isa = PBXVariantGroup;
			children = (
				16166D6917F4678300AEEC4C /* Base */,
			);
			name = Main.storyboard;
			sourceTree = "<group>";
		};
		16166D8117F4678300AEEC4C /* InfoPlist.strings */ = {
			isa = PBXVariantGroup;
			children = (
				16166D8217F4678300AEEC4C /* en */,
			);
			name = InfoPlist.strings;
			sourceTree = "<group>";
		};
/* End PBXVariantGroup section */

/* Begin XCBuildConfiguration section */
		16166D8617F4678300AEEC4C /* Debug */ = {
			isa = XCBuildConfiguration;
			buildSettings = {
				ALWAYS_SEARCH_USER_PATHS = NO;
				ARCHS = "$(ARCHS_STANDARD_INCLUDING_64_BIT)";
				CLANG_CXX_LANGUAGE_STANDARD = "gnu++0x";
				CLANG_CXX_LIBRARY = "libc++";
				CLANG_ENABLE_MODULES = YES;
				CLANG_ENABLE_OBJC_ARC = YES;
				CLANG_WARN_BOOL_CONVERSION = YES;
				CLANG_WARN_CONSTANT_CONVERSION = YES;
				CLANG_WARN_DIRECT_OBJC_ISA_USAGE = YES_ERROR;
				CLANG_WARN_EMPTY_BODY = YES;
				CLANG_WARN_ENUM_CONVERSION = YES;
				CLANG_WARN_INT_CONVERSION = YES;
				CLANG_WARN_OBJC_ROOT_CLASS = YES_ERROR;
				CLANG_WARN__DUPLICATE_METHOD_MATCH = YES;
				"CODE_SIGN_IDENTITY[sdk=iphoneos*]" = "iPhone Developer";
				COPY_PHASE_STRIP = NO;
				GCC_C_LANGUAGE_STANDARD = gnu99;
				GCC_DYNAMIC_NO_PIC = NO;
				GCC_OPTIMIZATION_LEVEL = 0;
				GCC_PREPROCESSOR_DEFINITIONS = (
					"DEBUG=1",
					"$(inherited)",
				);
				GCC_SYMBOLS_PRIVATE_EXTERN = NO;
				GCC_WARN_64_TO_32_BIT_CONVERSION = YES;
				GCC_WARN_ABOUT_RETURN_TYPE = YES_ERROR;
				GCC_WARN_UNDECLARED_SELECTOR = YES;
				GCC_WARN_UNINITIALIZED_AUTOS = YES;
				GCC_WARN_UNUSED_FUNCTION = YES;
				GCC_WARN_UNUSED_VARIABLE = YES;
				IPHONEOS_DEPLOYMENT_TARGET = 6.0;
				ONLY_ACTIVE_ARCH = YES;
				SDKROOT = iphoneos;
			};
			name = Debug;
		};
		16166D8717F4678300AEEC4C /* Release */ = {
			isa = XCBuildConfiguration;
			buildSettings = {
				ALWAYS_SEARCH_USER_PATHS = NO;
				ARCHS = "$(ARCHS_STANDARD_INCLUDING_64_BIT)";
				CLANG_CXX_LANGUAGE_STANDARD = "gnu++0x";
				CLANG_CXX_LIBRARY = "libc++";
				CLANG_ENABLE_MODULES = YES;
				CLANG_ENABLE_OBJC_ARC = YES;
				CLANG_WARN_BOOL_CONVERSION = YES;
				CLANG_WARN_CONSTANT_CONVERSION = YES;
				CLANG_WARN_DIRECT_OBJC_ISA_USAGE = YES_ERROR;
				CLANG_WARN_EMPTY_BODY = YES;
				CLANG_WARN_ENUM_CONVERSION = YES;
				CLANG_WARN_INT_CONVERSION = YES;
				CLANG_WARN_OBJC_ROOT_CLASS = YES_ERROR;
				CLANG_WARN__DUPLICATE_METHOD_MATCH = YES;
				"CODE_SIGN_IDENTITY[sdk=iphoneos*]" = "iPhone Developer";
				COPY_PHASE_STRIP = YES;
				ENABLE_NS_ASSERTIONS = NO;
				GCC_C_LANGUAGE_STANDARD = gnu99;
				GCC_WARN_64_TO_32_BIT_CONVERSION = YES;
				GCC_WARN_ABOUT_RETURN_TYPE = YES_ERROR;
				GCC_WARN_UNDECLARED_SELECTOR = YES;
				GCC_WARN_UNINITIALIZED_AUTOS = YES;
				GCC_WARN_UNUSED_FUNCTION = YES;
				GCC_WARN_UNUSED_VARIABLE = YES;
				IPHONEOS_DEPLOYMENT_TARGET = 6.0;
				SDKROOT = iphoneos;
				VALIDATE_PRODUCT = YES;
			};
			name = Release;
		};
		16166D8917F4678300AEEC4C /* Debug */ = {
			isa = XCBuildConfiguration;
			buildSettings = {
				ASSETCATALOG_COMPILER_APPICON_NAME = AppIcon;
				ASSETCATALOG_COMPILER_LAUNCHIMAGE_NAME = LaunchImage;
				CODE_SIGN_IDENTITY = "iPhone Developer";
				"CODE_SIGN_IDENTITY[sdk=iphoneos*]" = "iPhone Developer";
				GCC_PRECOMPILE_PREFIX_HEADER = YES;
				GCC_PREFIX_HEADER = "Connection/Connection-Prefix.pch";
				INFOPLIST_FILE = "Connection/Connection-Info.plist";
				IPHONEOS_DEPLOYMENT_TARGET = 6.0;
				PRODUCT_NAME = "$(TARGET_NAME)";
				PROVISIONING_PROFILE = "DAFE437E-DF6E-4061-88ED-3BE6A2FE387E";
				WRAPPER_EXTENSION = app;
			};
			name = Debug;
		};
		16166D8A17F4678300AEEC4C /* Release */ = {
			isa = XCBuildConfiguration;
			buildSettings = {
				ASSETCATALOG_COMPILER_APPICON_NAME = AppIcon;
				ASSETCATALOG_COMPILER_LAUNCHIMAGE_NAME = LaunchImage;
				CODE_SIGN_IDENTITY = "iPhone Distribution";
				"CODE_SIGN_IDENTITY[sdk=iphoneos*]" = "iPhone Distribution";
				GCC_PRECOMPILE_PREFIX_HEADER = YES;
				GCC_PREFIX_HEADER = "Connection/Connection-Prefix.pch";
				INFOPLIST_FILE = "Connection/Connection-Info.plist";
				IPHONEOS_DEPLOYMENT_TARGET = 6.0;
				PRODUCT_NAME = "$(TARGET_NAME)";
				PROVISIONING_PROFILE = "E2435520-C845-4FDB-B0FF-92828362FB75";
				WRAPPER_EXTENSION = app;
			};
			name = Release;
		};
		16166D8C17F4678300AEEC4C /* Debug */ = {
			isa = XCBuildConfiguration;
			buildSettings = {
				ARCHS = "$(ARCHS_STANDARD_INCLUDING_64_BIT)";
				BUNDLE_LOADER = "$(BUILT_PRODUCTS_DIR)/Connection.app/Connection";
				FRAMEWORK_SEARCH_PATHS = (
					"$(SDKROOT)/Developer/Library/Frameworks",
					"$(inherited)",
					"$(DEVELOPER_FRAMEWORKS_DIR)",
				);
				GCC_PRECOMPILE_PREFIX_HEADER = YES;
				GCC_PREFIX_HEADER = "Connection/Connection-Prefix.pch";
				GCC_PREPROCESSOR_DEFINITIONS = (
					"DEBUG=1",
					"$(inherited)",
				);
				INFOPLIST_FILE = "ConnectionTests/ConnectionTests-Info.plist";
				PRODUCT_NAME = "$(TARGET_NAME)";
				TEST_HOST = "$(BUNDLE_LOADER)";
				WRAPPER_EXTENSION = xctest;
			};
			name = Debug;
		};
		16166D8D17F4678300AEEC4C /* Release */ = {
			isa = XCBuildConfiguration;
			buildSettings = {
				ARCHS = "$(ARCHS_STANDARD_INCLUDING_64_BIT)";
				BUNDLE_LOADER = "$(BUILT_PRODUCTS_DIR)/Connection.app/Connection";
				FRAMEWORK_SEARCH_PATHS = (
					"$(SDKROOT)/Developer/Library/Frameworks",
					"$(inherited)",
					"$(DEVELOPER_FRAMEWORKS_DIR)",
				);
				GCC_PRECOMPILE_PREFIX_HEADER = YES;
				GCC_PREFIX_HEADER = "Connection/Connection-Prefix.pch";
				INFOPLIST_FILE = "ConnectionTests/ConnectionTests-Info.plist";
				PRODUCT_NAME = "$(TARGET_NAME)";
				TEST_HOST = "$(BUNDLE_LOADER)";
				WRAPPER_EXTENSION = xctest;
			};
			name = Release;
		};
/* End XCBuildConfiguration section */

/* Begin XCConfigurationList section */
		16166D4E17F4678300AEEC4C /* Build configuration list for PBXProject "Connection" */ = {
			isa = XCConfigurationList;
			buildConfigurations = (
				16166D8617F4678300AEEC4C /* Debug */,
				16166D8717F4678300AEEC4C /* Release */,
			);
			defaultConfigurationIsVisible = 0;
			defaultConfigurationName = Release;
		};
		16166D8817F4678300AEEC4C /* Build configuration list for PBXNativeTarget "Connection" */ = {
			isa = XCConfigurationList;
			buildConfigurations = (
				16166D8917F4678300AEEC4C /* Debug */,
				16166D8A17F4678300AEEC4C /* Release */,
			);
			defaultConfigurationIsVisible = 0;
			defaultConfigurationName = Release;
		};
		16166D8B17F4678300AEEC4C /* Build configuration list for PBXNativeTarget "ConnectionTests" */ = {
			isa = XCConfigurationList;
			buildConfigurations = (
				16166D8C17F4678300AEEC4C /* Debug */,
				16166D8D17F4678300AEEC4C /* Release */,
			);
			defaultConfigurationIsVisible = 0;
			defaultConfigurationName = Release;
		};
/* End XCConfigurationList section */

/* Begin XCVersionGroup section */
		16E3844D180A97EB007CC843 /* Connection.xcdatamodeld */ = {
			isa = XCVersionGroup;
			children = (
				16E3844E180A97EB007CC843 /* Connection.xcdatamodel */,
			);
			currentVersion = 16E3844E180A97EB007CC843 /* Connection.xcdatamodel */;
			path = Connection.xcdatamodeld;
			sourceTree = "<group>";
			versionGroupType = wrapper.xcdatamodel;
		};
/* End XCVersionGroup section */
	};
	rootObject = 16166D4B17F4678300AEEC4C /* Project object */;
}
